{
  "name": "Coverage",
  "lockfileVersion": 3,
  "requires": true,
  "packages": {
    "": {
      "dependencies": {
        "packet28": "0.2.47"
      }
    },
    "node_modules/@packet28/darwin-arm64": {
      "version": "0.2.47",
      "resolved": "https://registry.npmjs.org/@packet28/darwin-arm64/-/darwin-arm64-0.2.47.tgz",
      "integrity": "sha512-IQ+8rJLkDSmrzOiPXElwCDb3j0Z2s2oaxI1YdAcsofElquALYPAKtgooU1zWKcJTxyXd8UZSIB/XJKMPvCDjIQ==",
      "cpu": [
        "arm64"
      ],
      "license": "MIT",
      "optional": true,
      "os": [
        "darwin"
      ]
    },
    "node_modules/@packet28/darwin-x64": {
      "version": "0.2.47",
      "resolved": "https://registry.npmjs.org/@packet28/darwin-x64/-/darwin-x64-0.2.47.tgz",
      "integrity": "sha512-Vx/mNbQuspC/Sr939EzvAjB2zbf520pN43+hWCV/B9q8395uVAnbKvjsHwH6RjtjV1I60ZZDoU4ZiU4AYatOrA==",
      "cpu": [
        "x64"
      ],
      "license": "MIT",
      "optional": true,
      "os": [
        "darwin"
      ]
    },
    "node_modules/@packet28/linux-arm64": {
      "version": "0.2.47",
      "resolved": "https://registry.npmjs.org/@packet28/linux-arm64/-/linux-arm64-0.2.47.tgz",
      "integrity": "sha512-69NJv6gV/fdvdvakRNXnRPA56jgBjxXAAPiOZ3k4Bs2XKkhDjcNa/knWlPa2RfTd/0VS2zB/TH8yIL3YW6j1SA==",
      "cpu": [
        "arm64"
      ],
      "license": "MIT",
      "optional": true,
      "os": [
        "linux"
      ]
    },
    "node_modules/@packet28/linux-x64": {
      "version": "0.2.47",
      "resolved": "https://registry.npmjs.org/@packet28/linux-x64/-/linux-x64-0.2.47.tgz",
      "integrity": "sha512-exH1S3rV0+dkqNTFvRNeC2pugTXVJFyyhvgpHN2BGsHdkJwu4ISRLxg/MpihmCanbu8g/5Q+Q/LeHIwQRTMGVQ==",
      "cpu": [
        "x64"
      ],
      "license": "MIT",
      "optional": true,
      "os": [
        "linux"
      ]
    },
    "node_modules/packet28": {
      "version": "0.2.47",
      "resolved": "https://registry.npmjs.org/packet28/-/packet28-0.2.47.tgz",
      "integrity": "sha512-/rSijZk9XbHAP5iZYjGH8YMuxcxr2aD0yJ9mHCy6Y+vcSp0IadVhzeNXbaNa6DGRPfIbT0gm7wkClaggEqO37A==",
      "license": "MIT",
      "bin": {
        "packet28": "bin/packet28.js",
        "packet28-mcp": "bin/packet28-mcp.js"
      },
      "engines": {
        "node": ">=18"
      },
      "optionalDependencies": {
        "@packet28/darwin-arm64": "0.2.47",
        "@packet28/darwin-x64": "0.2.47",
        "@packet28/linux-arm64": "0.2.47",
        "@packet28/linux-x64": "0.2.47"
      }
    }
  }
}
